// !$*UTF8*$!
{
	archiveVersion = 1;
	classes = {
	};
	objectVersion = 51;
	objects = {

/* Begin PBXBuildFile section */
		4A4D187C2424670C00CBE0A6 /* AppDelegate.swift in Sources */ = {isa = PBXBuildFile; fileRef = 4A4D187B2424670C00CBE0A6 /* AppDelegate.swift */; };
		4A4D187E2424670C00CBE0A6 /* SceneDelegate.swift in Sources */ = {isa = PBXBuildFile; fileRef = 4A4D187D2424670C00CBE0A6 /* SceneDelegate.swift */; };
		4A4D18832424670C00CBE0A6 /* Main.storyboard in Resources */ = {isa = PBXBuildFile; fileRef = 4A4D18812424670C00CBE0A6 /* Main.storyboard */; };
		4A4D18852424670D00CBE0A6 /* Assets.xcassets in Resources */ = {isa = PBXBuildFile; fileRef = 4A4D18842424670D00CBE0A6 /* Assets.xcassets */; };
		4A4D18882424670D00CBE0A6 /* LaunchScreen.storyboard in Resources */ = {isa = PBXBuildFile; fileRef = 4A4D18862424670D00CBE0A6 /* LaunchScreen.storyboard */; };
		4A4D18922424674F00CBE0A6 /* ViewController.swift in Sources */ = {isa = PBXBuildFile; fileRef = 4A4D18912424674F00CBE0A6 /* ViewController.swift */; };
		4A4D189424246D8D00CBE0A6 /* factory.WKWebview.extension.swift in Sources */ = {isa = PBXBuildFile; fileRef = 4A4D189324246D8D00CBE0A6 /* factory.WKWebview.extension.swift */; };
		AD6DC401AC191FE427C6167B /* Pods_CTJSBridgeSwift.framework in Frameworks */ = {isa = PBXBuildFile; fileRef = C6102A216E07751AD8279305 /* Pods_CTJSBridgeSwift.framework */; };
/* End PBXBuildFile section */

/* Begin PBXFileReference section */
		2D4E35BF96637E4C71833936 /* Pods-CTJSBridgeSwift.debug.xcconfig */ = {isa = PBXFileReference; includeInIndex = 1; lastKnownFileType = text.xcconfig; name = "Pods-CTJSBridgeSwift.debug.xcconfig"; path = "Target Support Files/Pods-CTJSBridgeSwift/Pods-CTJSBridgeSwift.debug.xcconfig"; sourceTree = "<group>"; };
		4A4D18782424670B00CBE0A6 /* CTJSBridgeSwift.app */ = {isa = PBXFileReference; explicitFileType = wrapper.application; includeInIndex = 0; path = CTJSBridgeSwift.app; sourceTree = BUILT_PRODUCTS_DIR; };
		4A4D187B2424670C00CBE0A6 /* AppDelegate.swift */ = {isa = PBXFileReference; lastKnownFileType = sourcecode.swift; path = AppDelegate.swift; sourceTree = "<group>"; };
		4A4D187D2424670C00CBE0A6 /* SceneDelegate.swift */ = {isa = PBXFileReference; lastKnownFileType = sourcecode.swift; path = SceneDelegate.swift; sourceTree = "<group>"; };
		4A4D18822424670C00CBE0A6 /* Base */ = {isa = PBXFileReference; lastKnownFileType = file.storyboard; name = Base; path = Base.lproj/Main.storyboard; sourceTree = "<group>"; };
		4A4D18842424670D00CBE0A6 /* Assets.xcassets */ = {isa = PBXFileReference; lastKnownFileType = folder.assetcatalog; path = Assets.xcassets; sourceTree = "<group>"; };
		4A4D18872424670D00CBE0A6 /* Base */ = {isa = PBXFileReference; lastKnownFileType = file.storyboard; name = Base; path = Base.lproj/LaunchScreen.storyboard; sourceTree = "<group>"; };
		4A4D18892424670D00CBE0A6 /* Info.plist */ = {isa = PBXFileReference; lastKnownFileType = text.plist.xml; path = Info.plist; sourceTree = "<group>"; };
		4A4D18912424674F00CBE0A6 /* ViewController.swift */ = {isa = PBXFileReference; fileEncoding = 4; lastKnownFileType = sourcecode.swift; path = ViewController.swift; sourceTree = "<group>"; };
		4A4D189324246D8D00CBE0A6 /* factory.WKWebview.extension.swift */ = {isa = PBXFileReference; lastKnownFileType = sourcecode.swift; path = factory.WKWebview.extension.swift; sourceTree = "<group>"; };
		C6102A216E07751AD8279305 /* Pods_CTJSBridgeSwift.framework */ = {isa = PBXFileReference; explicitFileType = wrapper.framework; includeInIndex = 0; path = Pods_CTJSBridgeSwift.framework; sourceTree = BUILT_PRODUCTS_DIR; };
		DCBBC5104DF961DB6477DDEB /* Pods-CTJSBridgeSwift.release.xcconfig */ = {isa = PBXFileReference; includeInIndex = 1; lastKnownFileType = text.xcconfig; name = "Pods-CTJSBridgeSwift.release.xcconfig"; path = "Target Support Files/Pods-CTJSBridgeSwift/Pods-CTJSBridgeSwift.release.xcconfig"; sourceTree = "<group>"; };
/* End PBXFileReference section */

/* Begin PBXFrameworksBuildPhase section */
		4A4D18752424670B00CBE0A6 /* Frameworks */ = {
			isa = PBXFrameworksBuildPhase;
			buildActionMask = 2147483647;
			files = (
				AD6DC401AC191FE427C6167B /* Pods_CTJSBridgeSwift.framework in Frameworks */,
			);
			runOnlyForDeploymentPostprocessing = 0;
		};
/* End PBXFrameworksBuildPhase section */

/* Begin PBXGroup section */
		4A4D186F2424670B00CBE0A6 = {
			isa = PBXGroup;
			children = (
				4A4D187A2424670B00CBE0A6 /* CTJSBridgeSwift */,
				4A4D18792424670B00CBE0A6 /* Products */,
				CC478D134AFEA22C50E66186 /* Pods */,
				B8AAB1FD3594FF3C4B1B88BC /* Frameworks */,
			);
			sourceTree = "<group>";
		};
		4A4D18792424670B00CBE0A6 /* Products */ = {
			isa = PBXGroup;
			children = (
				4A4D18782424670B00CBE0A6 /* CTJSBridgeSwift.app */,
			);
			name = Products;
			sourceTree = "<group>";
		};
		4A4D187A2424670B00CBE0A6 /* CTJSBridgeSwift */ = {
			isa = PBXGroup;
			children = (
				4A4D188F2424674F00CBE0A6 /* CTJSBridgeSwift */,
				4A4D18902424674F00CBE0A6 /* Demo */,
				4A4D187B2424670C00CBE0A6 /* AppDelegate.swift */,
				4A4D187D2424670C00CBE0A6 /* SceneDelegate.swift */,
				4A4D18812424670C00CBE0A6 /* Main.storyboard */,
				4A4D18842424670D00CBE0A6 /* Assets.xcassets */,
				4A4D18862424670D00CBE0A6 /* LaunchScreen.storyboard */,
				4A4D18892424670D00CBE0A6 /* Info.plist */,
			);
			path = CTJSBridgeSwift;
			sourceTree = "<group>";
		};
		4A4D188F2424674F00CBE0A6 /* CTJSBridgeSwift */ = {
			isa = PBXGroup;
			children = (
				4A4D189324246D8D00CBE0A6 /* factory.WKWebview.extension.swift */,
			);
			path = CTJSBridgeSwift;
			sourceTree = "<group>";
		};
		4A4D18902424674F00CBE0A6 /* Demo */ = {
			isa = PBXGroup;
			children = (
				4A4D18912424674F00CBE0A6 /* ViewController.swift */,
			);
			path = Demo;
			sourceTree = "<group>";
		};
		B8AAB1FD3594FF3C4B1B88BC /* Frameworks */ = {
			isa = PBXGroup;
			children = (
				C6102A216E07751AD8279305 /* Pods_CTJSBridgeSwift.framework */,
			);
			name = Frameworks;
			sourceTree = "<group>";
		};
		CC478D134AFEA22C50E66186 /* Pods */ = {
			isa = PBXGroup;
			children = (
				2D4E35BF96637E4C71833936 /* Pods-CTJSBridgeSwift.debug.xcconfig */,
				DCBBC5104DF961DB6477DDEB /* Pods-CTJSBridgeSwift.release.xcconfig */,
			);
			path = Pods;
			sourceTree = "<group>";
		};
/* End PBXGroup section */

/* Begin PBXNativeTarget section */
		4A4D18772424670B00CBE0A6 /* CTJSBridgeSwift */ = {
			isa = PBXNativeTarget;
			buildConfigurationList = 4A4D188C2424670D00CBE0A6 /* Build configuration list for PBXNativeTarget "CTJSBridgeSwift" */;
			buildPhases = (
				3F07F1D0B806790A9DDCD8E4 /* [CP] Check Pods Manifest.lock */,
				4A4D18742424670B00CBE0A6 /* Sources */,
				4A4D18752424670B00CBE0A6 /* Frameworks */,
				4A4D18762424670B00CBE0A6 /* Resources */,
				F90F3856E72F6C299AAD0603 /* [CP] Embed Pods Frameworks */,
			);
			buildRules = (
			);
			dependencies = (
			);
			name = CTJSBridgeSwift;
			productName = CTJSBridgeSwift;
			productReference = 4A4D18782424670B00CBE0A6 /* CTJSBridgeSwift.app */;
			productType = "com.apple.product-type.application";
		};
/* End PBXNativeTarget section */

/* Begin PBXProject section */
		4A4D18702424670B00CBE0A6 /* Project object */ = {
			isa = PBXProject;
			attributes = {
				LastSwiftUpdateCheck = 1130;
				LastUpgradeCheck = 1130;
				ORGANIZATIONNAME = casa;
				TargetAttributes = {
					4A4D18772424670B00CBE0A6 = {
						CreatedOnToolsVersion = 11.3.1;
					};
				};
			};
			buildConfigurationList = 4A4D18732424670B00CBE0A6 /* Build configuration list for PBXProject "CTJSBridgeSwift" */;
			compatibilityVersion = "Xcode 9.3";
			developmentRegion = en;
			hasScannedForEncodings = 0;
			knownRegions = (
				en,
				Base,
			);
			mainGroup = 4A4D186F2424670B00CBE0A6;
			productRefGroup = 4A4D18792424670B00CBE0A6 /* Products */;
			projectDirPath = "";
			projectRoot = "";
			targets = (
				4A4D18772424670B00CBE0A6 /* CTJSBridgeSwift */,
			);
		};
/* End PBXProject section */

/* Begin PBXResourcesBuildPhase section */
		4A4D18762424670B00CBE0A6 /* Resources */ = {
			isa = PBXResourcesBuildPhase;
			buildActionMask = 2147483647;
			files = (
				4A4D18882424670D00CBE0A6 /* LaunchScreen.storyboard in Resources */,
				4A4D18852424670D00CBE0A6 /* Assets.xcassets in Resources */,
				4A4D18832424670C00CBE0A6 /* Main.storyboard in Resources */,
			);
			runOnlyForDeploymentPostprocessing = 0;
		};
/* End PBXResourcesBuildPhase section */

/* Begin PBXShellScriptBuildPhase section */
		3F07F1D0B806790A9DDCD8E4 /* [CP] Check Pods Manifest.lock */ = {
			isa = PBXShellScriptBuildPhase;
			buildActionMask = 2147483647;
			files = (
			);
			inputFileListPaths = (
			);
			inputPaths = (
				"${PODS_PODFILE_DIR_PATH}/Podfile.lock",
				"${PODS_ROOT}/Manifest.lock",
			);
			name = "[CP] Check Pods Manifest.lock";
			outputFileListPaths = (
			);
			outputPaths = (
				"$(DERIVED_FILE_DIR)/Pods-CTJSBridgeSwift-checkManifestLockResult.txt",
			);
			runOnlyForDeploymentPostprocessing = 0;
			shellPath = /bin/sh;
			shellScript = "diff \"${PODS_PODFILE_DIR_PATH}/Podfile.lock\" \"${PODS_ROOT}/Manifest.lock\" > /dev/null\nif [ $? != 0 ] ; then\n    # print error to STDERR\n    echo \"error: The sandbox is not in sync with the Podfile.lock. Run 'pod install' or update your CocoaPods installation.\" >&2\n    exit 1\nfi\n# This output is used by Xcode 'outputs' to avoid re-running this script phase.\necho \"SUCCESS\" > \"${SCRIPT_OUTPUT_FILE_0}\"\n";
			showEnvVarsInLog = 0;
		};
		F90F3856E72F6C299AAD0603 /* [CP] Embed Pods Frameworks */ = {
			isa = PBXShellScriptBuildPhase;
			buildActionMask = 2147483647;
			files = (
			);
			inputFileListPaths = (
				"${PODS_ROOT}/Target Support Files/Pods-CTJSBridgeSwift/Pods-CTJSBridgeSwift-frameworks-${CONFIGURATION}-input-files.xcfilelist",
			);
			name = "[CP] Embed Pods Frameworks";
			outputFileListPaths = (
				"${PODS_ROOT}/Target Support Files/Pods-CTJSBridgeSwift/Pods-CTJSBridgeSwift-frameworks-${CONFIGURATION}-output-files.xcfilelist",
			);
			runOnlyForDeploymentPostprocessing = 0;
			shellPath = /bin/sh;
			shellScript = "\"${PODS_ROOT}/Target Support Files/Pods-CTJSBridgeSwift/Pods-CTJSBridgeSwift-frameworks.sh\"\n";
			showEnvVarsInLog = 0;
		};
/* End PBXShellScriptBuildPhase section */

/* Begin PBXSourcesBuildPhase section */
		4A4D18742424670B00CBE0A6 /* Sources */ = {
			isa = PBXSourcesBuildPhase;
			buildActionMask = 2147483647;
			files = (
				4A4D189424246D8D00CBE0A6 /* factory.WKWebview.extension.swift in Sources */,
				4A4D187C2424670C00CBE0A6 /* AppDelegate.swift in Sources */,
				4A4D18922424674F00CBE0A6 /* ViewController.swift in Sources */,
				4A4D187E2424670C00CBE0A6 /* SceneDelegate.swift in Sources */,
			);
			runOnlyForDeploymentPostprocessing = 0;
		};
/* End PBXSourcesBuildPhase section */

/* Begin PBXVariantGroup section */
		4A4D18812424670C00CBE0A6 /* Main.storyboard */ = {
			isa = PBXVariantGroup;
			children = (
				4A4D18822424670C00CBE0A6 /* Base */,
			);
			name = Main.storyboard;
			sourceTree = "<group>";
		};
		4A4D18862424670D00CBE0A6 /* LaunchScreen.storyboard */ = {
			isa = PBXVariantGroup;
			children = (
				4A4D18872424670D00CBE0A6 /* Base */,
			);
			name = LaunchScreen.storyboard;
			sourceTree = "<group>";
		};
/* End PBXVariantGroup section */

/* Begin XCBuildConfiguration section */
		4A4D188A2424670D00CBE0A6 /* Debug */ = {
			isa = XCBuildConfiguration;
			buildSettings = {
				ALWAYS_SEARCH_USER_PATHS = NO;
				CLANG_ANALYZER_NONNULL = YES;
				CLANG_ANALYZER_NUMBER_OBJECT_CONVERSION = YES_AGGRESSIVE;
				CLANG_CXX_LANGUAGE_STANDARD = "gnu++14";
				CLANG_CXX_LIBRARY = "libc++";
				CLANG_ENABLE_MODULES = YES;
				CLANG_ENABLE_OBJC_ARC = YES;
				CLANG_ENABLE_OBJC_WEAK = YES;
				CLANG_WARN_BLOCK_CAPTURE_AUTORELEASING = YES;
				CLANG_WARN_BOOL_CONVERSION = YES;
				CLANG_WARN_COMMA = YES;
				CLANG_WARN_CONSTANT_CONVERSION = YES;
				CLANG_WARN_DEPRECATED_OBJC_IMPLEMENTATIONS = YES;
				CLANG_WARN_DIRECT_OBJC_ISA_USAGE = YES_ERROR;
				CLANG_WARN_DOCUMENTATION_COMMENTS = YES;
				CLANG_WARN_EMPTY_BODY = YES;
				CLANG_WARN_ENUM_CONVERSION = YES;
				CLANG_WARN_INFINITE_RECURSION = YES;
				CLANG_WARN_INT_CONVERSION = YES;
				CLANG_WARN_NON_LITERAL_NULL_CONVERSION = YES;
				CLANG_WARN_OBJC_IMPLICIT_RETAIN_SELF = YES;
				CLANG_WARN_OBJC_LITERAL_CONVERSION = YES;
				CLANG_WARN_OBJC_ROOT_CLASS = YES_ERROR;
				CLANG_WARN_RANGE_LOOP_ANALYSIS = YES;
				CLANG_WARN_STRICT_PROTOTYPES = YES;
				CLANG_WARN_SUSPICIOUS_MOVE = YES;
				CLANG_WARN_UNGUARDED_AVAILABILITY = YES_AGGRESSIVE;
				CLANG_WARN_UNREACHABLE_CODE = YES;
				CLANG_WARN__DUPLICATE_METHOD_MATCH = YES;
				COPY_PHASE_STRIP = NO;
				DEBUG_INFORMATION_FORMAT = dwarf;
				ENABLE_STRICT_OBJC_MSGSEND = YES;
				ENABLE_TESTABILITY = YES;
				GCC_C_LANGUAGE_STANDARD = gnu11;
				GCC_DYNAMIC_NO_PIC = NO;
				GCC_NO_COMMON_BLOCKS = YES;
				GCC_OPTIMIZATION_LEVEL = 0;
				GCC_PREPROCESSOR_DEFINITIONS = (
					"DEBUG=1",
					"$(inherited)",
				);
				GCC_WARN_64_TO_32_BIT_CONVERSION = YES;
				GCC_WARN_ABOUT_RETURN_TYPE = YES_ERROR;
				GCC_WARN_UNDECLARED_SELECTOR = YES;
				GCC_WARN_UNINITIALIZED_AUTOS = YES_AGGRESSIVE;
				GCC_WARN_UNUSED_FUNCTION = YES;
				GCC_WARN_UNUSED_VARIABLE = YES;
				IPHONEOS_DEPLOYMENT_TARGET = 13.2;
				MTL_ENABLE_DEBUG_INFO = INCLUDE_SOURCE;
				MTL_FAST_MATH = YES;
				ONLY_ACTIVE_ARCH = YES;
				SDKROOT = iphoneos;
				SWIFT_ACTIVE_COMPILATION_CONDITIONS = DEBUG;
				SWIFT_OPTIMIZATION_LEVEL = "-Onone";
			};
			name = Debug;
		};
		4A4D188B2424670D00CBE0A6 /* Release */ = {
			isa = XCBuildConfiguration;
			buildSettings = {
				ALWAYS_SEARCH_USER_PATHS = NO;
				CLANG_ANALYZER_NONNULL = YES;
				CLANG_ANALYZER_NUMBER_OBJECT_CONVERSION = YES_AGGRESSIVE;
				CLANG_CXX_LANGUAGE_STANDARD = "gnu++14";
				CLANG_CXX_LIBRARY = "libc++";
				CLANG_ENABLE_MODULES = YES;
				CLANG_ENABLE_OBJC_ARC = YES;
				CLANG_ENABLE_OBJC_WEAK = YES;
				CLANG_WARN_BLOCK_CAPTURE_AUTORELEASING = YES;
				CLANG_WARN_BOOL_CONVERSION = YES;
				CLANG_WARN_COMMA = YES;
				CLANG_WARN_CONSTANT_CONVERSION = YES;
				CLANG_WARN_DEPRECATED_OBJC_IMPLEMENTATIONS = YES;
				CLANG_WARN_DIRECT_OBJC_ISA_USAGE = YES_ERROR;
				CLANG_WARN_DOCUMENTATION_COMMENTS = YES;
				CLANG_WARN_EMPTY_BODY = YES;
				CLANG_WARN_ENUM_CONVERSION = YES;
				CLANG_WARN_INFINITE_RECURSION = YES;
				CLANG_WARN_INT_CONVERSION = YES;
				CLANG_WARN_NON_LITERAL_NULL_CONVERSION = YES;
				CLANG_WARN_OBJC_IMPLICIT_RETAIN_SELF = YES;
				CLANG_WARN_OBJC_LITERAL_CONVERSION = YES;
				CLANG_WARN_OBJC_ROOT_CLASS = YES_ERROR;
				CLANG_WARN_RANGE_LOOP_ANALYSIS = YES;
				CLANG_WARN_STRICT_PROTOTYPES = YES;
				CLANG_WARN_SUSPICIOUS_MOVE = YES;
				CLANG_WARN_UNGUARDED_AVAILABILITY = YES_AGGRESSIVE;
				CLANG_WARN_UNREACHABLE_CODE = YES;
				CLANG_WARN__DUPLICATE_METHOD_MATCH = YES;
				COPY_PHASE_STRIP = NO;
				DEBUG_INFORMATION_FORMAT = "dwarf-with-dsym";
				ENABLE_NS_ASSERTIONS = NO;
				ENABLE_STRICT_OBJC_MSGSEND = YES;
				GCC_C_LANGUAGE_STANDARD = gnu11;
				GCC_NO_COMMON_BLOCKS = YES;
				GCC_WARN_64_TO_32_BIT_CONVERSION = YES;
				GCC_WARN_ABOUT_RETURN_TYPE = YES_ERROR;
				GCC_WARN_UNDECLARED_SELECTOR = YES;
				GCC_WARN_UNINITIALIZED_AUTOS = YES_AGGRESSIVE;
				GCC_WARN_UNUSED_FUNCTION = YES;
				GCC_WARN_UNUSED_VARIABLE = YES;
				IPHONEOS_DEPLOYMENT_TARGET = 13.2;
				MTL_ENABLE_DEBUG_INFO = NO;
				MTL_FAST_MATH = YES;
				SDKROOT = iphoneos;
				SWIFT_COMPILATION_MODE = wholemodule;
				SWIFT_OPTIMIZATION_LEVEL = "-O";
				VALIDATE_PRODUCT = YES;
			};
			name = Release;
		};
		4A4D188D2424670D00CBE0A6 /* Debug */ = {
			isa = XCBuildConfiguration;
			baseConfigurationReference = 2D4E35BF96637E4C71833936 /* Pods-CTJSBridgeSwift.debug.xcconfig */;
			buildSettings = {
				ASSETCATALOG_COMPILER_APPICON_NAME = AppIcon;
				CODE_SIGN_STYLE = Automatic;
				INFOPLIST_FILE = CTJSBridgeSwift/Info.plist;
				LD_RUNPATH_SEARCH_PATHS = (
					"$(inherited)",
					"@executable_path/Frameworks",
				);
				PRODUCT_BUNDLE_IDENTIFIER = casa.CTJSBridgeSwift;
				PRODUCT_NAME = "$(TARGET_NAME)";
				SWIFT_VERSION = 5.0;
				TARGETED_DEVICE_FAMILY = "1,2";
			};
			name = Debug;
		};
		4A4D188E2424670D00CBE0A6 /* Release */ = {
			isa = XCBuildConfiguration;
			baseConfigurationReference = DCBBC5104DF961DB6477DDEB /* Pods-CTJSBridgeSwift.release.xcconfig */;
			buildSettings = {
				ASSETCATALOG_COMPILER_APPICON_NAME = AppIcon;
				CODE_SIGN_STYLE = Automatic;
				INFOPLIST_FILE = CTJSBridgeSwift/Info.plist;
				LD_RUNPATH_SEARCH_PATHS = (
					"$(inherited)",
					"@executable_path/Frameworks",
				);
				PRODUCT_BUNDLE_IDENTIFIER = casa.CTJSBridgeSwift;
				PRODUCT_NAME = "$(TARGET_NAME)";
				SWIFT_VERSION = 5.0;
				TARGETED_DEVICE_FAMILY = "1,2";
			};
			name = Release;
		};
/* End XCBuildConfiguration section */

/* Begin XCConfigurationList section */
		4A4D18732424670B00CBE0A6 /* Build configuration list for PBXProject "CTJSBridgeSwift" */ = {
			isa = XCConfigurationList;
			buildConfigurations = (
				4A4D188A2424670D00CBE0A6 /* Debug */,
				4A4D188B2424670D00CBE0A6 /* Release */,
			);
			defaultConfigurationIsVisible = 0;
			defaultConfigurationName = Release;
		};
		4A4D188C2424670D00CBE0A6 /* Build configuration list for PBXNativeTarget "CTJSBridgeSwift" */ = {
			isa = XCConfigurationList;
			buildConfigurations = (
				4A4D188D2424670D00CBE0A6 /* Debug */,
				4A4D188E2424670D00CBE0A6 /* Release */,
			);
			defaultConfigurationIsVisible = 0;
			defaultConfigurationName = Release;
		};
/* End XCConfigurationList section */
	};
	rootObject = 4A4D18702424670B00CBE0A6 /* Project object */;
}
